
Microsoft Visual Studio Solution File, Format Version 12.00
# Visual Studio Version 16
VisualStudioVersion = 16.0.30711.63
MinimumVisualStudioVersion = 10.0.40219.1
Project("{FAE04EC0-301F-11D3-BF4B-00C04F79EFBC}") = "BlazorBusinessForms.Server", "Server\BlazorBusinessForms.Server.csproj", "{D0DDFA06-1061-4042-89A8-6D6538FCC3E3}"
EndProject
Project("{FAE04EC0-301F-11D3-BF4B-00C04F79EFBC}") = "BlazorBusinessForms.Client", "Client\BlazorBusinessForms.Client.csproj", "{17ACE46F-3A12-4BBB-9C4F-5AA8AA5B29EC}"
EndProject
Project("{FAE04EC0-301F-11D3-BF4B-00C04F79EFBC}") = "BlazorBusinessForms.Shared", "Shared\BlazorBusinessForms.Shared.csproj", "{D692318D-9D00-41FB-B750-DD6B2D6CEB05}"
EndProject
Global
	GlobalSection(SolutionConfigurationPlatforms) = preSolution
		Debug|Any CPU = Debug|Any CPU
		Release|Any CPU = Release|Any CPU
	EndGlobalSection
	GlobalSection(ProjectConfigurationPlatforms) = postSolution
		{D0DDFA06-1061-4042-89A8-6D6538FCC3E3}.Debug|Any CPU.ActiveCfg = Debug|Any CPU
		{D0DDFA06-1061-4042-89A8-6D6538FCC3E3}.Debug|Any CPU.Build.0 = Debug|Any CPU
		{D0DDFA06-1061-4042-89A8-6D6538FCC3E3}.Release|Any CPU.ActiveCfg = Release|Any CPU
		{D0DDFA06-1061-4042-89A8-6D6538FCC3E3}.Release|Any CPU.Build.0 = Release|Any CPU
		{17ACE46F-3A12-4BBB-9C4F-5AA8AA5B29EC}.Debug|Any CPU.ActiveCfg = Debug|Any CPU
		{17ACE46F-3A12-4BBB-9C4F-5AA8AA5B29EC}.Debug|Any CPU.Build.0 = Debug|Any CPU
		{17ACE46F-3A12-4BBB-9C4F-5AA8AA5B29EC}.Release|Any CPU.ActiveCfg = Release|Any CPU
		{17ACE46F-3A12-4BBB-9C4F-5AA8AA5B29EC}.Release|Any CPU.Build.0 = Release|Any CPU
		{D692318D-9D00-41FB-B750-DD6B2D6CEB05}.Debug|Any CPU.ActiveCfg = Debug|Any CPU
		{D692318D-9D00-41FB-B750-DD6B2D6CEB05}.Debug|Any CPU.Build.0 = Debug|Any CPU
		{D692318D-9D00-41FB-B750-DD6B2D6CEB05}.Release|Any CPU.ActiveCfg = Release|Any CPU
		{D692318D-9D00-41FB-B750-DD6B2D6CEB05}.Release|Any CPU.Build.0 = Release|Any CPU
	EndGlobalSection
	GlobalSection(SolutionProperties) = preSolution
		HideSolutionNode = FALSE
	EndGlobalSection
	GlobalSection(ExtensibilityGlobals) = postSolution
		SolutionGuid = {EBF20217-D8DD-41E8-99B4-ED3D8E777CA0}
	EndGlobalSection
EndGlobal
